
Microsoft Visual Studio Solution File, Format Version 12.00
# Visual Studio Version 17
VisualStudioVersion = 17.3.32819.101
MinimumVisualStudioVersion = 10.0.40219.1
Project("{FAE04EC0-301F-11D3-BF4B-00C04F79EFBC}") = "FileImporter", "FileImporter\FileImporter.csproj", "{9F7142AF-186E-44B2-8C4B-4DFEC6B662D6}"
EndProject
Global
	GlobalSection(SolutionConfigurationPlatforms) = preSolution
		Debug|Any CPU = Debug|Any CPU
		Release|Any CPU = Release|Any CPU
	EndGlobalSection
	GlobalSection(ProjectConfigurationPlatforms) = postSolution
		{9F7142AF-186E-44B2-8C4B-4DFEC6B662D6}.Debug|Any CPU.ActiveCfg = Debug|Any CPU
		{9F7142AF-186E-44B2-8C4B-4DFEC6B662D6}.Debug|Any CPU.Build.0 = Debug|Any CPU
		{9F7142AF-186E-44B2-8C4B-4DFEC6B662D6}.Release|Any CPU.ActiveCfg = Release|Any CPU
		{9F7142AF-186E-44B2-8C4B-4DFEC6B662D6}.Release|Any CPU.Build.0 = Release|Any CPU
	EndGlobalSection
	GlobalSection(SolutionProperties) = preSolution
		HideSolutionNode = FALSE
	EndGlobalSection
	GlobalSection(ExtensibilityGlobals) = postSolution
		SolutionGuid = {F97A3BEF-06F3-4A03-B729-8AF05F26FF19}
	EndGlobalSection
EndGlobal
